
Microsoft Visual Studio Solution File, Format Version 12.00
# Visual Studio 14
VisualStudioVersion = 14.0.25420.1
MinimumVisualStudioVersion = 10.0.40219.1
Project("{FAE04EC0-301F-11D3-BF4B-00C04F79EFBC}") = "BaseM.Droid", "BaseM\BaseM.Droid\BaseM.Droid.csproj", "{8F0677E0-34C1-43E5-8AB2-364F2265F981}"
EndProject
Project("{FAE04EC0-301F-11D3-BF4B-00C04F79EFBC}") = "BaseM.iOS", "BaseM\BaseM.iOS\BaseM.iOS.csproj", "{E3A12176-B33C-4944-9DAA-BE51070E5FF7}"
EndProject
Project("{FAE04EC0-301F-11D3-BF4B-00C04F79EFBC}") = "BaseM", "BaseM\BaseM\BaseM.csproj", "{1C5A61F8-C725-44A4-A35A-B0608FA769C5}"
EndProject
Project("{FAE04EC0-301F-11D3-BF4B-00C04F79EFBC}") = "BaseM.Tests", "BaseM.Tests\BaseM.Tests.csproj", "{C42070E9-F7BD-4559-9830-5C4F19E32298}"
EndProject
Project("{2150E333-8FDC-42A3-9474-1A3956D46DE8}") = "Solution Items", "Solution Items", "{C408A956-5B83-45E4-8B69-1A33FE12AB37}"
	ProjectSection(SolutionItems) = preProject
		BaseM.testsettings = BaseM.testsettings
	EndProjectSection
EndProject
Global
	GlobalSection(SolutionConfigurationPlatforms) = preSolution
		Ad-Hoc|Any CPU = Ad-Hoc|Any CPU
		Ad-Hoc|ARM = Ad-Hoc|ARM
		Ad-Hoc|iPhone = Ad-Hoc|iPhone
		Ad-Hoc|iPhoneSimulator = Ad-Hoc|iPhoneSimulator
		Ad-Hoc|x64 = Ad-Hoc|x64
		Ad-Hoc|x86 = Ad-Hoc|x86
		AppStore|Any CPU = AppStore|Any CPU
		AppStore|ARM = AppStore|ARM
		AppStore|iPhone = AppStore|iPhone
		AppStore|iPhoneSimulator = AppStore|iPhoneSimulator
		AppStore|x64 = AppStore|x64
		AppStore|x86 = AppStore|x86
		Debug|Any CPU = Debug|Any CPU
		Debug|ARM = Debug|ARM
		Debug|iPhone = Debug|iPhone
		Debug|iPhoneSimulator = Debug|iPhoneSimulator
		Debug|x64 = Debug|x64
		Debug|x86 = Debug|x86
		Release|Any CPU = Release|Any CPU
		Release|ARM = Release|ARM
		Release|iPhone = Release|iPhone
		Release|iPhoneSimulator = Release|iPhoneSimulator
		Release|x64 = Release|x64
		Release|x86 = Release|x86
	EndGlobalSection
	GlobalSection(ProjectConfigurationPlatforms) = postSolution
		{8F0677E0-34C1-43E5-8AB2-364F2265F981}.Ad-Hoc|Any CPU.ActiveCfg = Release|Any CPU
		{8F0677E0-34C1-43E5-8AB2-364F2265F981}.Ad-Hoc|Any CPU.Build.0 = Release|Any CPU
		{8F0677E0-34C1-43E5-8AB2-364F2265F981}.Ad-Hoc|Any CPU.Deploy.0 = Release|Any CPU
		{8F0677E0-34C1-43E5-8AB2-364F2265F981}.Ad-Hoc|ARM.ActiveCfg = Release|Any CPU
		{8F0677E0-34C1-43E5-8AB2-364F2265F981}.Ad-Hoc|ARM.Build.0 = Release|Any CPU
		{8F0677E0-34C1-43E5-8AB2-364F2265F981}.Ad-Hoc|ARM.Deploy.0 = Release|Any CPU
		{8F0677E0-34C1-43E5-8AB2-364F2265F981}.Ad-Hoc|iPhone.ActiveCfg = Release|Any CPU
		{8F0677E0-34C1-43E5-8AB2-364F2265F981}.Ad-Hoc|iPhone.Build.0 = Release|Any CPU
		{8F0677E0-34C1-43E5-8AB2-364F2265F981}.Ad-Hoc|iPhone.Deploy.0 = Release|Any CPU
		{8F0677E0-34C1-43E5-8AB2-364F2265F981}.Ad-Hoc|iPhoneSimulator.ActiveCfg = Release|Any CPU
		{8F0677E0-34C1-43E5-8AB2-364F2265F981}.Ad-Hoc|iPhoneSimulator.Build.0 = Release|Any CPU
		{8F0677E0-34C1-43E5-8AB2-364F2265F981}.Ad-Hoc|iPhoneSimulator.Deploy.0 = Release|Any CPU
		{8F0677E0-34C1-43E5-8AB2-364F2265F981}.Ad-Hoc|x64.ActiveCfg = Release|Any CPU
		{8F0677E0-34C1-43E5-8AB2-364F2265F981}.Ad-Hoc|x64.Build.0 = Release|Any CPU
		{8F0677E0-34C1-43E5-8AB2-364F2265F981}.Ad-Hoc|x64.Deploy.0 = Release|Any CPU
		{8F0677E0-34C1-43E5-8AB2-364F2265F981}.Ad-Hoc|x86.ActiveCfg = Release|Any CPU
		{8F0677E0-34C1-43E5-8AB2-364F2265F981}.Ad-Hoc|x86.Build.0 = Release|Any CPU
		{8F0677E0-34C1-43E5-8AB2-364F2265F981}.Ad-Hoc|x86.Deploy.0 = Release|Any CPU
		{8F0677E0-34C1-43E5-8AB2-364F2265F981}.AppStore|Any CPU.ActiveCfg = Release|Any CPU
		{8F0677E0-34C1-43E5-8AB2-364F2265F981}.AppStore|Any CPU.Build.0 = Release|Any CPU
		{8F0677E0-34C1-43E5-8AB2-364F2265F981}.AppStore|Any CPU.Deploy.0 = Release|Any CPU
		{8F0677E0-34C1-43E5-8AB2-364F2265F981}.AppStore|ARM.ActiveCfg = Release|Any CPU
		{8F0677E0-34C1-43E5-8AB2-364F2265F981}.AppStore|ARM.Build.0 = Release|Any CPU
		{8F0677E0-34C1-43E5-8AB2-364F2265F981}.AppStore|ARM.Deploy.0 = Release|Any CPU
		{8F0677E0-34C1-43E5-8AB2-364F2265F981}.AppStore|iPhone.ActiveCfg = Release|Any CPU
		{8F0677E0-34C1-43E5-8AB2-364F2265F981}.AppStore|iPhone.Build.0 = Release|Any CPU
		{8F0677E0-34C1-43E5-8AB2-364F2265F981}.AppStore|iPhone.Deploy.0 = Release|Any CPU
		{8F0677E0-34C1-43E5-8AB2-364F2265F981}.AppStore|iPhoneSimulator.ActiveCfg = Release|Any CPU
		{8F0677E0-34C1-43E5-8AB2-364F2265F981}.AppStore|iPhoneSimulator.Build.0 = Release|Any CPU
		{8F0677E0-34C1-43E5-8AB2-364F2265F981}.AppStore|iPhoneSimulator.Deploy.0 = Release|Any CPU
		{8F0677E0-34C1-43E5-8AB2-364F2265F981}.AppStore|x64.ActiveCfg = Release|Any CPU
		{8F0677E0-34C1-43E5-8AB2-364F2265F981}.AppStore|x64.Build.0 = Release|Any CPU
		{8F0677E0-34C1-43E5-8AB2-364F2265F981}.AppStore|x64.Deploy.0 = Release|Any CPU
		{8F0677E0-34C1-43E5-8AB2-364F2265F981}.AppStore|x86.ActiveCfg = Release|Any CPU
		{8F0677E0-34C1-43E5-8AB2-364F2265F981}.AppStore|x86.Build.0 = Release|Any CPU
		{8F0677E0-34C1-43E5-8AB2-364F2265F981}.AppStore|x86.Deploy.0 = Release|Any CPU
		{8F0677E0-34C1-43E5-8AB2-364F2265F981}.Debug|Any CPU.ActiveCfg = Debug|Any CPU
		{8F0677E0-34C1-43E5-8AB2-364F2265F981}.Debug|Any CPU.Build.0 = Debug|Any CPU
		{8F0677E0-34C1-43E5-8AB2-364F2265F981}.Debug|Any CPU.Deploy.0 = Debug|Any CPU
		{8F0677E0-34C1-43E5-8AB2-364F2265F981}.Debug|ARM.ActiveCfg = Debug|Any CPU
		{8F0677E0-34C1-43E5-8AB2-364F2265F981}.Debug|ARM.Build.0 = Debug|Any CPU
		{8F0677E0-34C1-43E5-8AB2-364F2265F981}.Debug|ARM.Deploy.0 = Debug|Any CPU
		{8F0677E0-34C1-43E5-8AB2-364F2265F981}.Debug|iPhone.ActiveCfg = Debug|Any CPU
		{8F0677E0-34C1-43E5-8AB2-364F2265F981}.Debug|iPhone.Build.0 = Debug|Any CPU
		{8F0677E0-34C1-43E5-8AB2-364F2265F981}.Debug|iPhone.Deploy.0 = Debug|Any CPU
		{8F0677E0-34C1-43E5-8AB2-364F2265F981}.Debug|iPhoneSimulator.ActiveCfg = Debug|Any CPU
		{8F0677E0-34C1-43E5-8AB2-364F2265F981}.Debug|iPhoneSimulator.Build.0 = Debug|Any CPU
		{8F0677E0-34C1-43E5-8AB2-364F2265F981}.Debug|iPhoneSimulator.Deploy.0 = Debug|Any CPU
		{8F0677E0-34C1-43E5-8AB2-364F2265F981}.Debug|x64.ActiveCfg = Debug|Any CPU
		{8F0677E0-34C1-43E5-8AB2-364F2265F981}.Debug|x64.Build.0 = Debug|Any CPU
		{8F0677E0-34C1-43E5-8AB2-364F2265F981}.Debug|x64.Deploy.0 = Debug|Any CPU
		{8F0677E0-34C1-43E5-8AB2-364F2265F981}.Debug|x86.ActiveCfg = Debug|Any CPU
		{8F0677E0-34C1-43E5-8AB2-364F2265F981}.Debug|x86.Build.0 = Debug|Any CPU
		{8F0677E0-34C1-43E5-8AB2-364F2265F981}.Debug|x86.Deploy.0 = Debug|Any CPU
		{8F0677E0-34C1-43E5-8AB2-364F2265F981}.Release|Any CPU.ActiveCfg = Release|Any CPU
		{8F0677E0-34C1-43E5-8AB2-364F2265F981}.Release|Any CPU.Build.0 = Release|Any CPU
		{8F0677E0-34C1-43E5-8AB2-364F2265F981}.Release|Any CPU.Deploy.0 = Release|Any CPU
		{8F0677E0-34C1-43E5-8AB2-364F2265F981}.Release|ARM.ActiveCfg = Release|Any CPU
		{8F0677E0-34C1-43E5-8AB2-364F2265F981}.Release|ARM.Build.0 = Release|Any CPU
		{8F0677E0-34C1-43E5-8AB2-364F2265F981}.Release|ARM.Deploy.0 = Release|Any CPU
		{8F0677E0-34C1-43E5-8AB2-364F2265F981}.Release|iPhone.ActiveCfg = Release|Any CPU
		{8F0677E0-34C1-43E5-8AB2-364F2265F981}.Release|iPhone.Build.0 = Release|Any CPU
		{8F0677E0-34C1-43E5-8AB2-364F2265F981}.Release|iPhone.Deploy.0 = Release|Any CPU
		{8F0677E0-34C1-43E5-8AB2-364F2265F981}.Release|iPhoneSimulator.ActiveCfg = Release|Any CPU
		{8F0677E0-34C1-43E5-8AB2-364F2265F981}.Release|iPhoneSimulator.Build.0 = Release|Any CPU
		{8F0677E0-34C1-43E5-8AB2-364F2265F981}.Release|iPhoneSimulator.Deploy.0 = Release|Any CPU
		{8F0677E0-34C1-43E5-8AB2-364F2265F981}.Release|x64.ActiveCfg = Release|Any CPU
		{8F0677E0-34C1-43E5-8AB2-364F2265F981}.Release|x64.Build.0 = Release|Any CPU
		{8F0677E0-34C1-43E5-8AB2-364F2265F981}.Release|x64.Deploy.0 = Release|Any CPU
		{8F0677E0-34C1-43E5-8AB2-364F2265F981}.Release|x86.ActiveCfg = Release|Any CPU
		{8F0677E0-34C1-43E5-8AB2-364F2265F981}.Release|x86.Build.0 = Release|Any CPU
		{8F0677E0-34C1-43E5-8AB2-364F2265F981}.Release|x86.Deploy.0 = Release|Any CPU
		{E3A12176-B33C-4944-9DAA-BE51070E5FF7}.Ad-Hoc|Any CPU.ActiveCfg = Ad-Hoc|iPhone
		{E3A12176-B33C-4944-9DAA-BE51070E5FF7}.Ad-Hoc|ARM.ActiveCfg = Ad-Hoc|iPhone
		{E3A12176-B33C-4944-9DAA-BE51070E5FF7}.Ad-Hoc|iPhone.ActiveCfg = Ad-Hoc|iPhone
		{E3A12176-B33C-4944-9DAA-BE51070E5FF7}.Ad-Hoc|iPhone.Build.0 = Ad-Hoc|iPhone
		{E3A12176-B33C-4944-9DAA-BE51070E5FF7}.Ad-Hoc|iPhoneSimulator.ActiveCfg = Ad-Hoc|iPhoneSimulator
		{E3A12176-B33C-4944-9DAA-BE51070E5FF7}.Ad-Hoc|iPhoneSimulator.Build.0 = Ad-Hoc|iPhoneSimulator
		{E3A12176-B33C-4944-9DAA-BE51070E5FF7}.Ad-Hoc|x64.ActiveCfg = Ad-Hoc|iPhone
		{E3A12176-B33C-4944-9DAA-BE51070E5FF7}.Ad-Hoc|x86.ActiveCfg = Ad-Hoc|iPhone
		{E3A12176-B33C-4944-9DAA-BE51070E5FF7}.AppStore|Any CPU.ActiveCfg = AppStore|iPhone
		{E3A12176-B33C-4944-9DAA-BE51070E5FF7}.AppStore|ARM.ActiveCfg = AppStore|iPhone
		{E3A12176-B33C-4944-9DAA-BE51070E5FF7}.AppStore|iPhone.ActiveCfg = AppStore|iPhone
		{E3A12176-B33C-4944-9DAA-BE51070E5FF7}.AppStore|iPhone.Build.0 = AppStore|iPhone
		{E3A12176-B33C-4944-9DAA-BE51070E5FF7}.AppStore|iPhoneSimulator.ActiveCfg = AppStore|iPhoneSimulator
		{E3A12176-B33C-4944-9DAA-BE51070E5FF7}.AppStore|iPhoneSimulator.Build.0 = AppStore|iPhoneSimulator
		{E3A12176-B33C-4944-9DAA-BE51070E5FF7}.AppStore|x64.ActiveCfg = AppStore|iPhone
		{E3A12176-B33C-4944-9DAA-BE51070E5FF7}.AppStore|x86.ActiveCfg = AppStore|iPhone
		{E3A12176-B33C-4944-9DAA-BE51070E5FF7}.Debug|Any CPU.ActiveCfg = Debug|iPhone
		{E3A12176-B33C-4944-9DAA-BE51070E5FF7}.Debug|ARM.ActiveCfg = Debug|iPhone
		{E3A12176-B33C-4944-9DAA-BE51070E5FF7}.Debug|iPhone.ActiveCfg = Debug|iPhone
		{E3A12176-B33C-4944-9DAA-BE51070E5FF7}.Debug|iPhone.Build.0 = Debug|iPhone
		{E3A12176-B33C-4944-9DAA-BE51070E5FF7}.Debug|iPhoneSimulator.ActiveCfg = Debug|iPhoneSimulator
		{E3A12176-B33C-4944-9DAA-BE51070E5FF7}.Debug|iPhoneSimulator.Build.0 = Debug|iPhoneSimulator
		{E3A12176-B33C-4944-9DAA-BE51070E5FF7}.Debug|x64.ActiveCfg = Debug|iPhone
		{E3A12176-B33C-4944-9DAA-BE51070E5FF7}.Debug|x86.ActiveCfg = Debug|iPhone
		{E3A12176-B33C-4944-9DAA-BE51070E5FF7}.Release|Any CPU.ActiveCfg = Release|iPhone
		{E3A12176-B33C-4944-9DAA-BE51070E5FF7}.Release|ARM.ActiveCfg = Release|iPhone
		{E3A12176-B33C-4944-9DAA-BE51070E5FF7}.Release|iPhone.ActiveCfg = Release|iPhone
		{E3A12176-B33C-4944-9DAA-BE51070E5FF7}.Release|iPhone.Build.0 = Release|iPhone
		{E3A12176-B33C-4944-9DAA-BE51070E5FF7}.Release|iPhoneSimulator.ActiveCfg = Release|iPhoneSimulator
		{E3A12176-B33C-4944-9DAA-BE51070E5FF7}.Release|iPhoneSimulator.Build.0 = Release|iPhoneSimulator
		{E3A12176-B33C-4944-9DAA-BE51070E5FF7}.Release|x64.ActiveCfg = Release|iPhone
		{E3A12176-B33C-4944-9DAA-BE51070E5FF7}.Release|x86.ActiveCfg = Release|iPhone
		{1C5A61F8-C725-44A4-A35A-B0608FA769C5}.Ad-Hoc|Any CPU.ActiveCfg = Release|Any CPU
		{1C5A61F8-C725-44A4-A35A-B0608FA769C5}.Ad-Hoc|Any CPU.Build.0 = Release|Any CPU
		{1C5A61F8-C725-44A4-A35A-B0608FA769C5}.Ad-Hoc|ARM.ActiveCfg = Release|Any CPU
		{1C5A61F8-C725-44A4-A35A-B0608FA769C5}.Ad-Hoc|ARM.Build.0 = Release|Any CPU
		{1C5A61F8-C725-44A4-A35A-B0608FA769C5}.Ad-Hoc|iPhone.ActiveCfg = Release|Any CPU
		{1C5A61F8-C725-44A4-A35A-B0608FA769C5}.Ad-Hoc|iPhone.Build.0 = Release|Any CPU
		{1C5A61F8-C725-44A4-A35A-B0608FA769C5}.Ad-Hoc|iPhoneSimulator.ActiveCfg = Release|Any CPU
		{1C5A61F8-C725-44A4-A35A-B0608FA769C5}.Ad-Hoc|iPhoneSimulator.Build.0 = Release|Any CPU
		{1C5A61F8-C725-44A4-A35A-B0608FA769C5}.Ad-Hoc|x64.ActiveCfg = Release|Any CPU
		{1C5A61F8-C725-44A4-A35A-B0608FA769C5}.Ad-Hoc|x64.Build.0 = Release|Any CPU
		{1C5A61F8-C725-44A4-A35A-B0608FA769C5}.Ad-Hoc|x86.ActiveCfg = Release|Any CPU
		{1C5A61F8-C725-44A4-A35A-B0608FA769C5}.Ad-Hoc|x86.Build.0 = Release|Any CPU
		{1C5A61F8-C725-44A4-A35A-B0608FA769C5}.AppStore|Any CPU.ActiveCfg = Release|Any CPU
		{1C5A61F8-C725-44A4-A35A-B0608FA769C5}.AppStore|Any CPU.Build.0 = Release|Any CPU
		{1C5A61F8-C725-44A4-A35A-B0608FA769C5}.AppStore|ARM.ActiveCfg = Release|Any CPU
		{1C5A61F8-C725-44A4-A35A-B0608FA769C5}.AppStore|ARM.Build.0 = Release|Any CPU
		{1C5A61F8-C725-44A4-A35A-B0608FA769C5}.AppStore|iPhone.ActiveCfg = Release|Any CPU
		{1C5A61F8-C725-44A4-A35A-B0608FA769C5}.AppStore|iPhone.Build.0 = Release|Any CPU
		{1C5A61F8-C725-44A4-A35A-B0608FA769C5}.AppStore|iPhoneSimulator.ActiveCfg = Release|Any CPU
		{1C5A61F8-C725-44A4-A35A-B0608FA769C5}.AppStore|iPhoneSimulator.Build.0 = Release|Any CPU
		{1C5A61F8-C725-44A4-A35A-B0608FA769C5}.AppStore|x64.ActiveCfg = Release|Any CPU
		{1C5A61F8-C725-44A4-A35A-B0608FA769C5}.AppStore|x64.Build.0 = Release|Any CPU
		{1C5A61F8-C725-44A4-A35A-B0608FA769C5}.AppStore|x86.ActiveCfg = Release|Any CPU
		{1C5A61F8-C725-44A4-A35A-B0608FA769C5}.AppStore|x86.Build.0 = Release|Any CPU
		{1C5A61F8-C725-44A4-A35A-B0608FA769C5}.Debug|Any CPU.ActiveCfg = Debug|Any CPU
		{1C5A61F8-C725-44A4-A35A-B0608FA769C5}.Debug|Any CPU.Build.0 = Debug|Any CPU
		{1C5A61F8-C725-44A4-A35A-B0608FA769C5}.Debug|ARM.ActiveCfg = Debug|Any CPU
		{1C5A61F8-C725-44A4-A35A-B0608FA769C5}.Debug|ARM.Build.0 = Debug|Any CPU
		{1C5A61F8-C725-44A4-A35A-B0608FA769C5}.Debug|iPhone.ActiveCfg = Debug|Any CPU
		{1C5A61F8-C725-44A4-A35A-B0608FA769C5}.Debug|iPhone.Build.0 = Debug|Any CPU
		{1C5A61F8-C725-44A4-A35A-B0608FA769C5}.Debug|iPhoneSimulator.ActiveCfg = Debug|Any CPU
		{1C5A61F8-C725-44A4-A35A-B0608FA769C5}.Debug|iPhoneSimulator.Build.0 = Debug|Any CPU
		{1C5A61F8-C725-44A4-A35A-B0608FA769C5}.Debug|x64.ActiveCfg = Debug|Any CPU
		{1C5A61F8-C725-44A4-A35A-B0608FA769C5}.Debug|x64.Build.0 = Debug|Any CPU
		{1C5A61F8-C725-44A4-A35A-B0608FA769C5}.Debug|x86.ActiveCfg = Debug|Any CPU
		{1C5A61F8-C725-44A4-A35A-B0608FA769C5}.Debug|x86.Build.0 = Debug|Any CPU
		{1C5A61F8-C725-44A4-A35A-B0608FA769C5}.Release|Any CPU.ActiveCfg = Release|Any CPU
		{1C5A61F8-C725-44A4-A35A-B0608FA769C5}.Release|Any CPU.Build.0 = Release|Any CPU
		{1C5A61F8-C725-44A4-A35A-B0608FA769C5}.Release|ARM.ActiveCfg = Release|Any CPU
		{1C5A61F8-C725-44A4-A35A-B0608FA769C5}.Release|ARM.Build.0 = Release|Any CPU
		{1C5A61F8-C725-44A4-A35A-B0608FA769C5}.Release|iPhone.ActiveCfg = Release|Any CPU
		{1C5A61F8-C725-44A4-A35A-B0608FA769C5}.Release|iPhone.Build.0 = Release|Any CPU
		{1C5A61F8-C725-44A4-A35A-B0608FA769C5}.Release|iPhoneSimulator.ActiveCfg = Release|Any CPU
		{1C5A61F8-C725-44A4-A35A-B0608FA769C5}.Release|iPhoneSimulator.Build.0 = Release|Any CPU
		{1C5A61F8-C725-44A4-A35A-B0608FA769C5}.Release|x64.ActiveCfg = Release|Any CPU
		{1C5A61F8-C725-44A4-A35A-B0608FA769C5}.Release|x64.Build.0 = Release|Any CPU
		{1C5A61F8-C725-44A4-A35A-B0608FA769C5}.Release|x86.ActiveCfg = Release|Any CPU
		{1C5A61F8-C725-44A4-A35A-B0608FA769C5}.Release|x86.Build.0 = Release|Any CPU
		{C42070E9-F7BD-4559-9830-5C4F19E32298}.Ad-Hoc|Any CPU.ActiveCfg = Release|Any CPU
		{C42070E9-F7BD-4559-9830-5C4F19E32298}.Ad-Hoc|Any CPU.Build.0 = Release|Any CPU
		{C42070E9-F7BD-4559-9830-5C4F19E32298}.Ad-Hoc|ARM.ActiveCfg = Release|Any CPU
		{C42070E9-F7BD-4559-9830-5C4F19E32298}.Ad-Hoc|ARM.Build.0 = Release|Any CPU
		{C42070E9-F7BD-4559-9830-5C4F19E32298}.Ad-Hoc|iPhone.ActiveCfg = Release|Any CPU
		{C42070E9-F7BD-4559-9830-5C4F19E32298}.Ad-Hoc|iPhone.Build.0 = Release|Any CPU
		{C42070E9-F7BD-4559-9830-5C4F19E32298}.Ad-Hoc|iPhoneSimulator.ActiveCfg = Release|Any CPU
		{C42070E9-F7BD-4559-9830-5C4F19E32298}.Ad-Hoc|iPhoneSimulator.Build.0 = Release|Any CPU
		{C42070E9-F7BD-4559-9830-5C4F19E32298}.Ad-Hoc|x64.ActiveCfg = Release|Any CPU
		{C42070E9-F7BD-4559-9830-5C4F19E32298}.Ad-Hoc|x64.Build.0 = Release|Any CPU
		{C42070E9-F7BD-4559-9830-5C4F19E32298}.Ad-Hoc|x86.ActiveCfg = Release|Any CPU
		{C42070E9-F7BD-4559-9830-5C4F19E32298}.Ad-Hoc|x86.Build.0 = Release|Any CPU
		{C42070E9-F7BD-4559-9830-5C4F19E32298}.AppStore|Any CPU.ActiveCfg = Release|Any CPU
		{C42070E9-F7BD-4559-9830-5C4F19E32298}.AppStore|Any CPU.Build.0 = Release|Any CPU
		{C42070E9-F7BD-4559-9830-5C4F19E32298}.AppStore|ARM.ActiveCfg = Release|Any CPU
		{C42070E9-F7BD-4559-9830-5C4F19E32298}.AppStore|ARM.Build.0 = Release|Any CPU
		{C42070E9-F7BD-4559-9830-5C4F19E32298}.AppStore|iPhone.ActiveCfg = Release|Any CPU
		{C42070E9-F7BD-4559-9830-5C4F19E32298}.AppStore|iPhone.Build.0 = Release|Any CPU
		{C42070E9-F7BD-4559-9830-5C4F19E32298}.AppStore|iPhoneSimulator.ActiveCfg = Release|Any CPU
		{C42070E9-F7BD-4559-9830-5C4F19E32298}.AppStore|iPhoneSimulator.Build.0 = Release|Any CPU
		{C42070E9-F7BD-4559-9830-5C4F19E32298}.AppStore|x64.ActiveCfg = Release|Any CPU
		{C42070E9-F7BD-4559-9830-5C4F19E32298}.AppStore|x64.Build.0 = Release|Any CPU
		{C42070E9-F7BD-4559-9830-5C4F19E32298}.AppStore|x86.ActiveCfg = Release|Any CPU
		{C42070E9-F7BD-4559-9830-5C4F19E32298}.AppStore|x86.Build.0 = Release|Any CPU
		{C42070E9-F7BD-4559-9830-5C4F19E32298}.Debug|Any CPU.ActiveCfg = Debug|Any CPU
		{C42070E9-F7BD-4559-9830-5C4F19E32298}.Debug|Any CPU.Build.0 = Debug|Any CPU
		{C42070E9-F7BD-4559-9830-5C4F19E32298}.Debug|ARM.ActiveCfg = Debug|Any CPU
		{C42070E9-F7BD-4559-9830-5C4F19E32298}.Debug|ARM.Build.0 = Debug|Any CPU
		{C42070E9-F7BD-4559-9830-5C4F19E32298}.Debug|iPhone.ActiveCfg = Debug|Any CPU
		{C42070E9-F7BD-4559-9830-5C4F19E32298}.Debug|iPhone.Build.0 = Debug|Any CPU
		{C42070E9-F7BD-4559-9830-5C4F19E32298}.Debug|iPhoneSimulator.ActiveCfg = Debug|Any CPU
		{C42070E9-F7BD-4559-9830-5C4F19E32298}.Debug|iPhoneSimulator.Build.0 = Debug|Any CPU
		{C42070E9-F7BD-4559-9830-5C4F19E32298}.Debug|x64.ActiveCfg = Debug|Any CPU
		{C42070E9-F7BD-4559-9830-5C4F19E32298}.Debug|x64.Build.0 = Debug|Any CPU
		{C42070E9-F7BD-4559-9830-5C4F19E32298}.Debug|x86.ActiveCfg = Debug|Any CPU
		{C42070E9-F7BD-4559-9830-5C4F19E32298}.Debug|x86.Build.0 = Debug|Any CPU
		{C42070E9-F7BD-4559-9830-5C4F19E32298}.Release|Any CPU.ActiveCfg = Release|Any CPU
		{C42070E9-F7BD-4559-9830-5C4F19E32298}.Release|Any CPU.Build.0 = Release|Any CPU
		{C42070E9-F7BD-4559-9830-5C4F19E32298}.Release|ARM.ActiveCfg = Release|Any CPU
		{C42070E9-F7BD-4559-9830-5C4F19E32298}.Release|ARM.Build.0 = Release|Any CPU
		{C42070E9-F7BD-4559-9830-5C4F19E32298}.Release|iPhone.ActiveCfg = Release|Any CPU
		{C42070E9-F7BD-4559-9830-5C4F19E32298}.Release|iPhone.Build.0 = Release|Any CPU
		{C42070E9-F7BD-4559-9830-5C4F19E32298}.Release|iPhoneSimulator.ActiveCfg = Release|Any CPU
		{C42070E9-F7BD-4559-9830-5C4F19E32298}.Release|iPhoneSimulator.Build.0 = Release|Any CPU
		{C42070E9-F7BD-4559-9830-5C4F19E32298}.Release|x64.ActiveCfg = Release|Any CPU
		{C42070E9-F7BD-4559-9830-5C4F19E32298}.Release|x64.Build.0 = Release|Any CPU
		{C42070E9-F7BD-4559-9830-5C4F19E32298}.Release|x86.ActiveCfg = Release|Any CPU
		{C42070E9-F7BD-4559-9830-5C4F19E32298}.Release|x86.Build.0 = Release|Any CPU
	EndGlobalSection
	GlobalSection(SolutionProperties) = preSolution
		HideSolutionNode = FALSE
	EndGlobalSection
EndGlobal
